
Microsoft Visual Studio Solution File, Format Version 12.00
# Visual Studio Version 16
VisualStudioVersion = 16.0.31729.503
MinimumVisualStudioVersion = 10.0.40219.1
Project("{FAE04EC0-301F-11D3-BF4B-00C04F79EFBC}") = "Mahder", "Mahder.csproj", "{18569A01-8ECC-4074-BC4B-9562BAC0FCF8}"
EndProject
Project("{FAE04EC0-301F-11D3-BF4B-00C04F79EFBC}") = "Mahder.Tests", "..\Mahder.Tests\Mahder.Tests.csproj", "{5533D164-BCDE-4056-99C9-E69AD1B5E906}"
EndProject
Global
	GlobalSection(SolutionConfigurationPlatforms) = preSolution
		Debug|Any CPU = Debug|Any CPU
		Release|Any CPU = Release|Any CPU
	EndGlobalSection
	GlobalSection(ProjectConfigurationPlatforms) = postSolution
		{18569A01-8ECC-4074-BC4B-9562BAC0FCF8}.Debug|Any CPU.ActiveCfg = Debug|Any CPU
		{18569A01-8ECC-4074-BC4B-9562BAC0FCF8}.Debug|Any CPU.Build.0 = Debug|Any CPU
		{18569A01-8ECC-4074-BC4B-9562BAC0FCF8}.Release|Any CPU.ActiveCfg = Release|Any CPU
		{18569A01-8ECC-4074-BC4B-9562BAC0FCF8}.Release|Any CPU.Build.0 = Release|Any CPU
		{5533D164-BCDE-4056-99C9-E69AD1B5E906}.Debug|Any CPU.ActiveCfg = Debug|Any CPU
		{5533D164-BCDE-4056-99C9-E69AD1B5E906}.Debug|Any CPU.Build.0 = Debug|Any CPU
		{5533D164-BCDE-4056-99C9-E69AD1B5E906}.Release|Any CPU.ActiveCfg = Release|Any CPU
		{5533D164-BCDE-4056-99C9-E69AD1B5E906}.Release|Any CPU.Build.0 = Release|Any CPU
	EndGlobalSection
	GlobalSection(SolutionProperties) = preSolution
		HideSolutionNode = FALSE
	EndGlobalSection
	GlobalSection(ExtensibilityGlobals) = postSolution
		SolutionGuid = {4A2B642E-557A-4565-BB07-BE3493A32D82}
	EndGlobalSection
EndGlobal
